
Microsoft Visual Studio Solution File, Format Version 12.00
# Visual Studio Version 17
VisualStudioVersion = 17.14.36811.4 d17.14
MinimumVisualStudioVersion = 10.0.40219.1
Project("{FAE04EC0-301F-11D3-BF4B-00C04F79EFBC}") = "App2Layout", "App2Layout\App2Layout.csproj", "{DCD405C2-97B4-46DC-AA91-BB8FD63F8876}"
EndProject
Global
	GlobalSection(SolutionConfigurationPlatforms) = preSolution
		Debug|Any CPU = Debug|Any CPU
		Release|Any CPU = Release|Any CPU
	EndGlobalSection
	GlobalSection(ProjectConfigurationPlatforms) = postSolution
		{DCD405C2-97B4-46DC-AA91-BB8FD63F8876}.Debug|Any CPU.ActiveCfg = Debug|Any CPU
		{DCD405C2-97B4-46DC-AA91-BB8FD63F8876}.Debug|Any CPU.Build.0 = Debug|Any CPU
		{DCD405C2-97B4-46DC-AA91-BB8FD63F8876}.Release|Any CPU.ActiveCfg = Release|Any CPU
		{DCD405C2-97B4-46DC-AA91-BB8FD63F8876}.Release|Any CPU.Build.0 = Release|Any CPU
	EndGlobalSection
	GlobalSection(SolutionProperties) = preSolution
		HideSolutionNode = FALSE
	EndGlobalSection
	GlobalSection(ExtensibilityGlobals) = postSolution
		SolutionGuid = {28574E7F-34D2-4C55-B4C8-47DE8B0EF7F7}
	EndGlobalSection
EndGlobal
