
Microsoft Visual Studio Solution File, Format Version 12.00
# Visual Studio Version 17
VisualStudioVersion = 17.14.36511.14 d17.14
MinimumVisualStudioVersion = 10.0.40219.1
Project("{FAE04EC0-301F-11D3-BF4B-00C04F79EFBC}") = "Ej8", "Ej8\Ej8.csproj", "{D6052AF7-509E-4410-83E2-2EA26892BAD7}"
EndProject
Global
	GlobalSection(SolutionConfigurationPlatforms) = preSolution
		Debug|Any CPU = Debug|Any CPU
		Release|Any CPU = Release|Any CPU
	EndGlobalSection
	GlobalSection(ProjectConfigurationPlatforms) = postSolution
		{D6052AF7-509E-4410-83E2-2EA26892BAD7}.Debug|Any CPU.ActiveCfg = Debug|Any CPU
		{D6052AF7-509E-4410-83E2-2EA26892BAD7}.Debug|Any CPU.Build.0 = Debug|Any CPU
		{D6052AF7-509E-4410-83E2-2EA26892BAD7}.Release|Any CPU.ActiveCfg = Release|Any CPU
		{D6052AF7-509E-4410-83E2-2EA26892BAD7}.Release|Any CPU.Build.0 = Release|Any CPU
	EndGlobalSection
	GlobalSection(SolutionProperties) = preSolution
		HideSolutionNode = FALSE
	EndGlobalSection
	GlobalSection(ExtensibilityGlobals) = postSolution
		SolutionGuid = {F0C2E135-FD1A-4A17-B928-316B0E851F06}
	EndGlobalSection
EndGlobal
