
Microsoft Visual Studio Solution File, Format Version 12.00
# Visual Studio Version 17
VisualStudioVersion = 17.14.36511.14 d17.14
MinimumVisualStudioVersion = 10.0.40219.1
Project("{FAE04EC0-301F-11D3-BF4B-00C04F79EFBC}") = "Ej6", "Ej6\Ej6.csproj", "{9ED0AEBC-4753-43F5-A31D-60934DB53277}"
EndProject
Global
	GlobalSection(SolutionConfigurationPlatforms) = preSolution
		Debug|Any CPU = Debug|Any CPU
		Release|Any CPU = Release|Any CPU
	EndGlobalSection
	GlobalSection(ProjectConfigurationPlatforms) = postSolution
		{9ED0AEBC-4753-43F5-A31D-60934DB53277}.Debug|Any CPU.ActiveCfg = Debug|Any CPU
		{9ED0AEBC-4753-43F5-A31D-60934DB53277}.Debug|Any CPU.Build.0 = Debug|Any CPU
		{9ED0AEBC-4753-43F5-A31D-60934DB53277}.Release|Any CPU.ActiveCfg = Release|Any CPU
		{9ED0AEBC-4753-43F5-A31D-60934DB53277}.Release|Any CPU.Build.0 = Release|Any CPU
	EndGlobalSection
	GlobalSection(SolutionProperties) = preSolution
		HideSolutionNode = FALSE
	EndGlobalSection
	GlobalSection(ExtensibilityGlobals) = postSolution
		SolutionGuid = {E3B99BED-42B3-434E-956F-35024D2CE7BD}
	EndGlobalSection
EndGlobal
