
Microsoft Visual Studio Solution File, Format Version 12.00
# Visual Studio Version 17
VisualStudioVersion = 17.14.36511.14 d17.14
MinimumVisualStudioVersion = 10.0.40219.1
Project("{FAE04EC0-301F-11D3-BF4B-00C04F79EFBC}") = "P4ejercicio3", "P4ejercicio3\P4ejercicio3.csproj", "{454939B1-3CD6-49A6-83D3-3182AEE0C4DF}"
EndProject
Global
	GlobalSection(SolutionConfigurationPlatforms) = preSolution
		Debug|Any CPU = Debug|Any CPU
		Release|Any CPU = Release|Any CPU
	EndGlobalSection
	GlobalSection(ProjectConfigurationPlatforms) = postSolution
		{454939B1-3CD6-49A6-83D3-3182AEE0C4DF}.Debug|Any CPU.ActiveCfg = Debug|Any CPU
		{454939B1-3CD6-49A6-83D3-3182AEE0C4DF}.Debug|Any CPU.Build.0 = Debug|Any CPU
		{454939B1-3CD6-49A6-83D3-3182AEE0C4DF}.Release|Any CPU.ActiveCfg = Release|Any CPU
		{454939B1-3CD6-49A6-83D3-3182AEE0C4DF}.Release|Any CPU.Build.0 = Release|Any CPU
	EndGlobalSection
	GlobalSection(SolutionProperties) = preSolution
		HideSolutionNode = FALSE
	EndGlobalSection
	GlobalSection(ExtensibilityGlobals) = postSolution
		SolutionGuid = {A96097F9-77F6-4F9E-98F5-2531BBABB7C0}
	EndGlobalSection
EndGlobal
