
Microsoft Visual Studio Solution File, Format Version 12.00
# Visual Studio Version 17
VisualStudioVersion = 17.14.36511.14 d17.14
MinimumVisualStudioVersion = 10.0.40219.1
Project("{FAE04EC0-301F-11D3-BF4B-00C04F79EFBC}") = "P2ejercicio1", "P2ejercicio1\P2ejercicio1.csproj", "{DDC6FC16-45AE-495C-88B2-8B909D72DF8E}"
EndProject
Global
	GlobalSection(SolutionConfigurationPlatforms) = preSolution
		Debug|Any CPU = Debug|Any CPU
		Release|Any CPU = Release|Any CPU
	EndGlobalSection
	GlobalSection(ProjectConfigurationPlatforms) = postSolution
		{DDC6FC16-45AE-495C-88B2-8B909D72DF8E}.Debug|Any CPU.ActiveCfg = Debug|Any CPU
		{DDC6FC16-45AE-495C-88B2-8B909D72DF8E}.Debug|Any CPU.Build.0 = Debug|Any CPU
		{DDC6FC16-45AE-495C-88B2-8B909D72DF8E}.Release|Any CPU.ActiveCfg = Release|Any CPU
		{DDC6FC16-45AE-495C-88B2-8B909D72DF8E}.Release|Any CPU.Build.0 = Release|Any CPU
	EndGlobalSection
	GlobalSection(SolutionProperties) = preSolution
		HideSolutionNode = FALSE
	EndGlobalSection
	GlobalSection(ExtensibilityGlobals) = postSolution
		SolutionGuid = {B297B552-4B9D-497A-8E64-83C78CBA1C57}
	EndGlobalSection
EndGlobal
