
Microsoft Visual Studio Solution File, Format Version 12.00
# Visual Studio Version 17
VisualStudioVersion = 17.14.36511.14 d17.14
MinimumVisualStudioVersion = 10.0.40219.1
Project("{FAE04EC0-301F-11D3-BF4B-00C04F79EFBC}") = "Ej1", "Ej1\Ej1.csproj", "{8EF92F10-CC4C-4779-8ECF-339F7E31449A}"
EndProject
Global
	GlobalSection(SolutionConfigurationPlatforms) = preSolution
		Debug|Any CPU = Debug|Any CPU
		Release|Any CPU = Release|Any CPU
	EndGlobalSection
	GlobalSection(ProjectConfigurationPlatforms) = postSolution
		{8EF92F10-CC4C-4779-8ECF-339F7E31449A}.Debug|Any CPU.ActiveCfg = Debug|Any CPU
		{8EF92F10-CC4C-4779-8ECF-339F7E31449A}.Debug|Any CPU.Build.0 = Debug|Any CPU
		{8EF92F10-CC4C-4779-8ECF-339F7E31449A}.Release|Any CPU.ActiveCfg = Release|Any CPU
		{8EF92F10-CC4C-4779-8ECF-339F7E31449A}.Release|Any CPU.Build.0 = Release|Any CPU
	EndGlobalSection
	GlobalSection(SolutionProperties) = preSolution
		HideSolutionNode = FALSE
	EndGlobalSection
	GlobalSection(ExtensibilityGlobals) = postSolution
		SolutionGuid = {3EC07AD1-DF31-4D95-A583-62AE5586A15A}
	EndGlobalSection
EndGlobal
