
Microsoft Visual Studio Solution File, Format Version 12.00
# Visual Studio Version 17
VisualStudioVersion = 17.14.36511.14 d17.14
MinimumVisualStudioVersion = 10.0.40219.1
Project("{FAE04EC0-301F-11D3-BF4B-00C04F79EFBC}") = "P2ejercicio9", "P2ejercicio9\P2ejercicio9.csproj", "{5F7DB89F-FB2B-4E91-AED8-43ECEF722291}"
EndProject
Global
	GlobalSection(SolutionConfigurationPlatforms) = preSolution
		Debug|Any CPU = Debug|Any CPU
		Release|Any CPU = Release|Any CPU
	EndGlobalSection
	GlobalSection(ProjectConfigurationPlatforms) = postSolution
		{5F7DB89F-FB2B-4E91-AED8-43ECEF722291}.Debug|Any CPU.ActiveCfg = Debug|Any CPU
		{5F7DB89F-FB2B-4E91-AED8-43ECEF722291}.Debug|Any CPU.Build.0 = Debug|Any CPU
		{5F7DB89F-FB2B-4E91-AED8-43ECEF722291}.Release|Any CPU.ActiveCfg = Release|Any CPU
		{5F7DB89F-FB2B-4E91-AED8-43ECEF722291}.Release|Any CPU.Build.0 = Release|Any CPU
	EndGlobalSection
	GlobalSection(SolutionProperties) = preSolution
		HideSolutionNode = FALSE
	EndGlobalSection
	GlobalSection(ExtensibilityGlobals) = postSolution
		SolutionGuid = {BC8C5D42-EFE1-4823-9FFD-0A6D3CBD814B}
	EndGlobalSection
EndGlobal
