
Microsoft Visual Studio Solution File, Format Version 12.00
# Visual Studio Version 17
VisualStudioVersion = 17.14.36511.14 d17.14
MinimumVisualStudioVersion = 10.0.40219.1
Project("{FAE04EC0-301F-11D3-BF4B-00C04F79EFBC}") = "P2ejercicio5", "P2ejercicio5\P2ejercicio5.csproj", "{9007E64F-249A-4C56-8FCB-DBE070C8FDBC}"
EndProject
Global
	GlobalSection(SolutionConfigurationPlatforms) = preSolution
		Debug|Any CPU = Debug|Any CPU
		Release|Any CPU = Release|Any CPU
	EndGlobalSection
	GlobalSection(ProjectConfigurationPlatforms) = postSolution
		{9007E64F-249A-4C56-8FCB-DBE070C8FDBC}.Debug|Any CPU.ActiveCfg = Debug|Any CPU
		{9007E64F-249A-4C56-8FCB-DBE070C8FDBC}.Debug|Any CPU.Build.0 = Debug|Any CPU
		{9007E64F-249A-4C56-8FCB-DBE070C8FDBC}.Release|Any CPU.ActiveCfg = Release|Any CPU
		{9007E64F-249A-4C56-8FCB-DBE070C8FDBC}.Release|Any CPU.Build.0 = Release|Any CPU
	EndGlobalSection
	GlobalSection(SolutionProperties) = preSolution
		HideSolutionNode = FALSE
	EndGlobalSection
	GlobalSection(ExtensibilityGlobals) = postSolution
		SolutionGuid = {9AF0AA5C-8FAF-4668-B0C0-B5CEDE3C51D2}
	EndGlobalSection
EndGlobal
