
Microsoft Visual Studio Solution File, Format Version 12.00
# Visual Studio Version 17
VisualStudioVersion = 17.14.36811.4 d17.14
MinimumVisualStudioVersion = 10.0.40219.1
Project("{FAE04EC0-301F-11D3-BF4B-00C04F79EFBC}") = "Mi_Tarea1", "Mi_Tarea1\Mi_Tarea1.csproj", "{9EAB8842-ACC0-41E3-969B-DF1C4B2F10BE}"
EndProject
Global
	GlobalSection(SolutionConfigurationPlatforms) = preSolution
		Debug|Any CPU = Debug|Any CPU
		Release|Any CPU = Release|Any CPU
	EndGlobalSection
	GlobalSection(ProjectConfigurationPlatforms) = postSolution
		{9EAB8842-ACC0-41E3-969B-DF1C4B2F10BE}.Debug|Any CPU.ActiveCfg = Debug|Any CPU
		{9EAB8842-ACC0-41E3-969B-DF1C4B2F10BE}.Debug|Any CPU.Build.0 = Debug|Any CPU
		{9EAB8842-ACC0-41E3-969B-DF1C4B2F10BE}.Release|Any CPU.ActiveCfg = Release|Any CPU
		{9EAB8842-ACC0-41E3-969B-DF1C4B2F10BE}.Release|Any CPU.Build.0 = Release|Any CPU
	EndGlobalSection
	GlobalSection(SolutionProperties) = preSolution
		HideSolutionNode = FALSE
	EndGlobalSection
	GlobalSection(ExtensibilityGlobals) = postSolution
		SolutionGuid = {815820AB-4CF6-4B3F-B639-ACC92AFA3D3A}
	EndGlobalSection
EndGlobal
