
Microsoft Visual Studio Solution File, Format Version 12.00
# Visual Studio Version 17
VisualStudioVersion = 17.14.36511.14 d17.14
MinimumVisualStudioVersion = 10.0.40219.1
Project("{FAE04EC0-301F-11D3-BF4B-00C04F79EFBC}") = "P2ejercicio3", "P2ejercicio3\P2ejercicio3.csproj", "{F16280F9-481E-40E3-AA0B-25430DF28524}"
EndProject
Global
	GlobalSection(SolutionConfigurationPlatforms) = preSolution
		Debug|Any CPU = Debug|Any CPU
		Release|Any CPU = Release|Any CPU
	EndGlobalSection
	GlobalSection(ProjectConfigurationPlatforms) = postSolution
		{F16280F9-481E-40E3-AA0B-25430DF28524}.Debug|Any CPU.ActiveCfg = Debug|Any CPU
		{F16280F9-481E-40E3-AA0B-25430DF28524}.Debug|Any CPU.Build.0 = Debug|Any CPU
		{F16280F9-481E-40E3-AA0B-25430DF28524}.Release|Any CPU.ActiveCfg = Release|Any CPU
		{F16280F9-481E-40E3-AA0B-25430DF28524}.Release|Any CPU.Build.0 = Release|Any CPU
	EndGlobalSection
	GlobalSection(SolutionProperties) = preSolution
		HideSolutionNode = FALSE
	EndGlobalSection
	GlobalSection(ExtensibilityGlobals) = postSolution
		SolutionGuid = {7184FA80-23AB-4DCC-BF81-91FC3911029B}
	EndGlobalSection
EndGlobal
